
Microsoft Visual Studio Solution File, Format Version 12.00
# Visual Studio Version 16
VisualStudioVersion = 16.0.30104.148
MinimumVisualStudioVersion = 10.0.40219.1
Project("{2150E333-8FDC-42A3-9474-1A3956D46DE8}") = "1- Layers", "1- Layers", "{B109AC47-12B9-4E1E-9E82-027023B9D1A4}"
EndProject
Project("{2150E333-8FDC-42A3-9474-1A3956D46DE8}") = "1.1 - Applicacion", "1.1 - Applicacion", "{0D876443-D808-4493-AE0F-AB2CF097EAFD}"
EndProject
Project("{2150E333-8FDC-42A3-9474-1A3956D46DE8}") = "1.2 - Businnes", "1.2 - Businnes", "{DA8B6EC6-1545-43CB-ADA9-E04968388B02}"
EndProject
Project("{2150E333-8FDC-42A3-9474-1A3956D46DE8}") = "1.3 - DataAccess", "1.3 - DataAccess", "{21DE3CEF-96BD-42F2-A73F-C310C52A1F22}"
EndProject
Project("{2150E333-8FDC-42A3-9474-1A3956D46DE8}") = "1.5 - Cross-Culting", "1.5 - Cross-Culting", "{B76BD5D7-775E-4933-B639-14FC0D1F7F6A}"
EndProject
Project("{2150E333-8FDC-42A3-9474-1A3956D46DE8}") = "1.4 - Application-Test", "1.4 - Application-Test", "{A494D106-0359-468C-B171-6F8AAECE3375}"
EndProject
Project("{9A19103F-16F7-4668-BE54-9A1E7A4F7556}") = "Framework.Core.DataAccess", "Framework.Core.DataAccess\Framework.Core.DataAccess.csproj", "{469663CC-BE64-405F-A610-C274F86BFC85}"
EndProject
Project("{9A19103F-16F7-4668-BE54-9A1E7A4F7556}") = "Framework.Core.DataAccess.Contracts", "Framework.Core.DataAccess.Contracts\Framework.Core.DataAccess.Contracts.csproj", "{0A5DC31D-BDB0-478F-B41C-359B2C882551}"
EndProject
Project("{9A19103F-16F7-4668-BE54-9A1E7A4F7556}") = "Framework.Core.CrossCulting", "Framework.Core.CrossCulting\Framework.Core.CrossCulting.csproj", "{82FF7311-C7AB-44CC-A7B2-AD224E2A1233}"
EndProject
Project("{9A19103F-16F7-4668-BE54-9A1E7A4F7556}") = "Framework.Core.Application.Test", "Framework.Core.Application.Test\Framework.Core.Application.Test.csproj", "{B744CCED-155B-4A87-90E9-A05C084CCB7A}"
EndProject
Project("{9A19103F-16F7-4668-BE54-9A1E7A4F7556}") = "Framework.Core.Business", "Framework.Core.Business\Framework.Core.Business.csproj", "{9FD8EB81-3EFB-4A88-9AB8-9A60AACF81DE}"
EndProject
Project("{9A19103F-16F7-4668-BE54-9A1E7A4F7556}") = "Framework.Core.Application.Web", "Framework.Core.Application.Web\Framework.Core.Application.Web.csproj", "{95F291A1-2AED-40A1-B65B-F98007ADD3EF}"
EndProject
Project("{9A19103F-16F7-4668-BE54-9A1E7A4F7556}") = "Framework.Core.Business.Contracts", "Framework.Core.Business.Contracts\Framework.Core.Business.Contracts.csproj", "{3CC5C127-2EE1-4AAB-9231-DE8D9F1A36E2}"
EndProject
Project("{9A19103F-16F7-4668-BE54-9A1E7A4F7556}") = "Framework.Core.Application", "Framework.Core.Application\Framework.Core.Application.csproj", "{19029BB3-2D90-4DEF-A2E4-DD0D7D9BFF93}"
EndProject
Project("{FAE04EC0-301F-11D3-BF4B-00C04F79EFBC}") = "FrameworkCore.Application.Android", "FrameworkCore.Application.Android\FrameworkCore.Application.Android.csproj", "{A8906523-E763-4336-A3A9-C51FF8455C15}"
EndProject
Project("{FAE04EC0-301F-11D3-BF4B-00C04F79EFBC}") = "FrameworkCore.Application.IOS", "FrameworkCore.Application.IOS\FrameworkCore.Application.IOS.csproj", "{5EBEC365-C0F5-4B9E-A30E-72AA1E324B19}"
EndProject
Project("{FAE04EC0-301F-11D3-BF4B-00C04F79EFBC}") = "FrameworkCore.Application.Prism", "FrameworkCore.Application.Prism\FrameworkCore.Application.Prism\FrameworkCore.Application.Prism.csproj", "{661BC7F1-9737-453F-BAE0-61DF1FA82883}"
EndProject
Project("{FAE04EC0-301F-11D3-BF4B-00C04F79EFBC}") = "FrameworkCore.Application.Prism.Android", "FrameworkCore.Application.Prism\FrameworkCore.Application.Prism.Android\FrameworkCore.Application.Prism.Android.csproj", "{F347448B-7D7D-4E6A-A409-832EF918D036}"
EndProject
Project("{FAE04EC0-301F-11D3-BF4B-00C04F79EFBC}") = "FrameworkCore.Application.Prism.iOS", "FrameworkCore.Application.Prism\FrameworkCore.Application.Prism.iOS\FrameworkCore.Application.Prism.iOS.csproj", "{CD0AAEEF-448E-4D9B-84EB-489113928E9B}"
EndProject
Global
	GlobalSection(SolutionConfigurationPlatforms) = preSolution
		Ad-Hoc|Any CPU = Ad-Hoc|Any CPU
		Ad-Hoc|iPhone = Ad-Hoc|iPhone
		Ad-Hoc|iPhoneSimulator = Ad-Hoc|iPhoneSimulator
		AppStore|Any CPU = AppStore|Any CPU
		AppStore|iPhone = AppStore|iPhone
		AppStore|iPhoneSimulator = AppStore|iPhoneSimulator
		Debug|Any CPU = Debug|Any CPU
		Debug|iPhone = Debug|iPhone
		Debug|iPhoneSimulator = Debug|iPhoneSimulator
		Release|Any CPU = Release|Any CPU
		Release|iPhone = Release|iPhone
		Release|iPhoneSimulator = Release|iPhoneSimulator
	EndGlobalSection
	GlobalSection(ProjectConfigurationPlatforms) = postSolution
		{469663CC-BE64-405F-A610-C274F86BFC85}.Ad-Hoc|Any CPU.ActiveCfg = Release|Any CPU
		{469663CC-BE64-405F-A610-C274F86BFC85}.Ad-Hoc|Any CPU.Build.0 = Release|Any CPU
		{469663CC-BE64-405F-A610-C274F86BFC85}.Ad-Hoc|iPhone.ActiveCfg = Release|Any CPU
		{469663CC-BE64-405F-A610-C274F86BFC85}.Ad-Hoc|iPhone.Build.0 = Release|Any CPU
		{469663CC-BE64-405F-A610-C274F86BFC85}.Ad-Hoc|iPhoneSimulator.ActiveCfg = Release|Any CPU
		{469663CC-BE64-405F-A610-C274F86BFC85}.Ad-Hoc|iPhoneSimulator.Build.0 = Release|Any CPU
		{469663CC-BE64-405F-A610-C274F86BFC85}.AppStore|Any CPU.ActiveCfg = Release|Any CPU
		{469663CC-BE64-405F-A610-C274F86BFC85}.AppStore|Any CPU.Build.0 = Release|Any CPU
		{469663CC-BE64-405F-A610-C274F86BFC85}.AppStore|iPhone.ActiveCfg = Release|Any CPU
		{469663CC-BE64-405F-A610-C274F86BFC85}.AppStore|iPhone.Build.0 = Release|Any CPU
		{469663CC-BE64-405F-A610-C274F86BFC85}.AppStore|iPhoneSimulator.ActiveCfg = Release|Any CPU
		{469663CC-BE64-405F-A610-C274F86BFC85}.AppStore|iPhoneSimulator.Build.0 = Release|Any CPU
		{469663CC-BE64-405F-A610-C274F86BFC85}.Debug|Any CPU.ActiveCfg = Debug|Any CPU
		{469663CC-BE64-405F-A610-C274F86BFC85}.Debug|Any CPU.Build.0 = Debug|Any CPU
		{469663CC-BE64-405F-A610-C274F86BFC85}.Debug|iPhone.ActiveCfg = Debug|Any CPU
		{469663CC-BE64-405F-A610-C274F86BFC85}.Debug|iPhone.Build.0 = Debug|Any CPU
		{469663CC-BE64-405F-A610-C274F86BFC85}.Debug|iPhoneSimulator.ActiveCfg = Debug|Any CPU
		{469663CC-BE64-405F-A610-C274F86BFC85}.Debug|iPhoneSimulator.Build.0 = Debug|Any CPU
		{469663CC-BE64-405F-A610-C274F86BFC85}.Release|Any CPU.ActiveCfg = Release|Any CPU
		{469663CC-BE64-405F-A610-C274F86BFC85}.Release|Any CPU.Build.0 = Release|Any CPU
		{469663CC-BE64-405F-A610-C274F86BFC85}.Release|iPhone.ActiveCfg = Release|Any CPU
		{469663CC-BE64-405F-A610-C274F86BFC85}.Release|iPhone.Build.0 = Release|Any CPU
		{469663CC-BE64-405F-A610-C274F86BFC85}.Release|iPhoneSimulator.ActiveCfg = Release|Any CPU
		{469663CC-BE64-405F-A610-C274F86BFC85}.Release|iPhoneSimulator.Build.0 = Release|Any CPU
		{0A5DC31D-BDB0-478F-B41C-359B2C882551}.Ad-Hoc|Any CPU.ActiveCfg = Release|Any CPU
		{0A5DC31D-BDB0-478F-B41C-359B2C882551}.Ad-Hoc|Any CPU.Build.0 = Release|Any CPU
		{0A5DC31D-BDB0-478F-B41C-359B2C882551}.Ad-Hoc|iPhone.ActiveCfg = Release|Any CPU
		{0A5DC31D-BDB0-478F-B41C-359B2C882551}.Ad-Hoc|iPhone.Build.0 = Release|Any CPU
		{0A5DC31D-BDB0-478F-B41C-359B2C882551}.Ad-Hoc|iPhoneSimulator.ActiveCfg = Release|Any CPU
		{0A5DC31D-BDB0-478F-B41C-359B2C882551}.Ad-Hoc|iPhoneSimulator.Build.0 = Release|Any CPU
		{0A5DC31D-BDB0-478F-B41C-359B2C882551}.AppStore|Any CPU.ActiveCfg = Release|Any CPU
		{0A5DC31D-BDB0-478F-B41C-359B2C882551}.AppStore|Any CPU.Build.0 = Release|Any CPU
		{0A5DC31D-BDB0-478F-B41C-359B2C882551}.AppStore|iPhone.ActiveCfg = Release|Any CPU
		{0A5DC31D-BDB0-478F-B41C-359B2C882551}.AppStore|iPhone.Build.0 = Release|Any CPU
		{0A5DC31D-BDB0-478F-B41C-359B2C882551}.AppStore|iPhoneSimulator.ActiveCfg = Release|Any CPU
		{0A5DC31D-BDB0-478F-B41C-359B2C882551}.AppStore|iPhoneSimulator.Build.0 = Release|Any CPU
		{0A5DC31D-BDB0-478F-B41C-359B2C882551}.Debug|Any CPU.ActiveCfg = Debug|Any CPU
		{0A5DC31D-BDB0-478F-B41C-359B2C882551}.Debug|Any CPU.Build.0 = Debug|Any CPU
		{0A5DC31D-BDB0-478F-B41C-359B2C882551}.Debug|iPhone.ActiveCfg = Debug|Any CPU
		{0A5DC31D-BDB0-478F-B41C-359B2C882551}.Debug|iPhone.Build.0 = Debug|Any CPU
		{0A5DC31D-BDB0-478F-B41C-359B2C882551}.Debug|iPhoneSimulator.ActiveCfg = Debug|Any CPU
		{0A5DC31D-BDB0-478F-B41C-359B2C882551}.Debug|iPhoneSimulator.Build.0 = Debug|Any CPU
		{0A5DC31D-BDB0-478F-B41C-359B2C882551}.Release|Any CPU.ActiveCfg = Release|Any CPU
		{0A5DC31D-BDB0-478F-B41C-359B2C882551}.Release|Any CPU.Build.0 = Release|Any CPU
		{0A5DC31D-BDB0-478F-B41C-359B2C882551}.Release|iPhone.ActiveCfg = Release|Any CPU
		{0A5DC31D-BDB0-478F-B41C-359B2C882551}.Release|iPhone.Build.0 = Release|Any CPU
		{0A5DC31D-BDB0-478F-B41C-359B2C882551}.Release|iPhoneSimulator.ActiveCfg = Release|Any CPU
		{0A5DC31D-BDB0-478F-B41C-359B2C882551}.Release|iPhoneSimulator.Build.0 = Release|Any CPU
		{82FF7311-C7AB-44CC-A7B2-AD224E2A1233}.Ad-Hoc|Any CPU.ActiveCfg = Release|Any CPU
		{82FF7311-C7AB-44CC-A7B2-AD224E2A1233}.Ad-Hoc|Any CPU.Build.0 = Release|Any CPU
		{82FF7311-C7AB-44CC-A7B2-AD224E2A1233}.Ad-Hoc|iPhone.ActiveCfg = Release|Any CPU
		{82FF7311-C7AB-44CC-A7B2-AD224E2A1233}.Ad-Hoc|iPhone.Build.0 = Release|Any CPU
		{82FF7311-C7AB-44CC-A7B2-AD224E2A1233}.Ad-Hoc|iPhoneSimulator.ActiveCfg = Release|Any CPU
		{82FF7311-C7AB-44CC-A7B2-AD224E2A1233}.Ad-Hoc|iPhoneSimulator.Build.0 = Release|Any CPU
		{82FF7311-C7AB-44CC-A7B2-AD224E2A1233}.AppStore|Any CPU.ActiveCfg = Release|Any CPU
		{82FF7311-C7AB-44CC-A7B2-AD224E2A1233}.AppStore|Any CPU.Build.0 = Release|Any CPU
		{82FF7311-C7AB-44CC-A7B2-AD224E2A1233}.AppStore|iPhone.ActiveCfg = Release|Any CPU
		{82FF7311-C7AB-44CC-A7B2-AD224E2A1233}.AppStore|iPhone.Build.0 = Release|Any CPU
		{82FF7311-C7AB-44CC-A7B2-AD224E2A1233}.AppStore|iPhoneSimulator.ActiveCfg = Release|Any CPU
		{82FF7311-C7AB-44CC-A7B2-AD224E2A1233}.AppStore|iPhoneSimulator.Build.0 = Release|Any CPU
		{82FF7311-C7AB-44CC-A7B2-AD224E2A1233}.Debug|Any CPU.ActiveCfg = Debug|Any CPU
		{82FF7311-C7AB-44CC-A7B2-AD224E2A1233}.Debug|Any CPU.Build.0 = Debug|Any CPU
		{82FF7311-C7AB-44CC-A7B2-AD224E2A1233}.Debug|iPhone.ActiveCfg = Debug|Any CPU
		{82FF7311-C7AB-44CC-A7B2-AD224E2A1233}.Debug|iPhone.Build.0 = Debug|Any CPU
		{82FF7311-C7AB-44CC-A7B2-AD224E2A1233}.Debug|iPhoneSimulator.ActiveCfg = Debug|Any CPU
		{82FF7311-C7AB-44CC-A7B2-AD224E2A1233}.Debug|iPhoneSimulator.Build.0 = Debug|Any CPU
		{82FF7311-C7AB-44CC-A7B2-AD224E2A1233}.Release|Any CPU.ActiveCfg = Release|Any CPU
		{82FF7311-C7AB-44CC-A7B2-AD224E2A1233}.Release|Any CPU.Build.0 = Release|Any CPU
		{82FF7311-C7AB-44CC-A7B2-AD224E2A1233}.Release|iPhone.ActiveCfg = Release|Any CPU
		{82FF7311-C7AB-44CC-A7B2-AD224E2A1233}.Release|iPhone.Build.0 = Release|Any CPU
		{82FF7311-C7AB-44CC-A7B2-AD224E2A1233}.Release|iPhoneSimulator.ActiveCfg = Release|Any CPU
		{82FF7311-C7AB-44CC-A7B2-AD224E2A1233}.Release|iPhoneSimulator.Build.0 = Release|Any CPU
		{B744CCED-155B-4A87-90E9-A05C084CCB7A}.Ad-Hoc|Any CPU.ActiveCfg = Release|Any CPU
		{B744CCED-155B-4A87-90E9-A05C084CCB7A}.Ad-Hoc|Any CPU.Build.0 = Release|Any CPU
		{B744CCED-155B-4A87-90E9-A05C084CCB7A}.Ad-Hoc|iPhone.ActiveCfg = Release|Any CPU
		{B744CCED-155B-4A87-90E9-A05C084CCB7A}.Ad-Hoc|iPhone.Build.0 = Release|Any CPU
		{B744CCED-155B-4A87-90E9-A05C084CCB7A}.Ad-Hoc|iPhoneSimulator.ActiveCfg = Release|Any CPU
		{B744CCED-155B-4A87-90E9-A05C084CCB7A}.Ad-Hoc|iPhoneSimulator.Build.0 = Release|Any CPU
		{B744CCED-155B-4A87-90E9-A05C084CCB7A}.AppStore|Any CPU.ActiveCfg = Release|Any CPU
		{B744CCED-155B-4A87-90E9-A05C084CCB7A}.AppStore|Any CPU.Build.0 = Release|Any CPU
		{B744CCED-155B-4A87-90E9-A05C084CCB7A}.AppStore|iPhone.ActiveCfg = Release|Any CPU
		{B744CCED-155B-4A87-90E9-A05C084CCB7A}.AppStore|iPhone.Build.0 = Release|Any CPU
		{B744CCED-155B-4A87-90E9-A05C084CCB7A}.AppStore|iPhoneSimulator.ActiveCfg = Release|Any CPU
		{B744CCED-155B-4A87-90E9-A05C084CCB7A}.AppStore|iPhoneSimulator.Build.0 = Release|Any CPU
		{B744CCED-155B-4A87-90E9-A05C084CCB7A}.Debug|Any CPU.ActiveCfg = Debug|Any CPU
		{B744CCED-155B-4A87-90E9-A05C084CCB7A}.Debug|Any CPU.Build.0 = Debug|Any CPU
		{B744CCED-155B-4A87-90E9-A05C084CCB7A}.Debug|iPhone.ActiveCfg = Debug|Any CPU
		{B744CCED-155B-4A87-90E9-A05C084CCB7A}.Debug|iPhone.Build.0 = Debug|Any CPU
		{B744CCED-155B-4A87-90E9-A05C084CCB7A}.Debug|iPhoneSimulator.ActiveCfg = Debug|Any CPU
		{B744CCED-155B-4A87-90E9-A05C084CCB7A}.Debug|iPhoneSimulator.Build.0 = Debug|Any CPU
		{B744CCED-155B-4A87-90E9-A05C084CCB7A}.Release|Any CPU.ActiveCfg = Release|Any CPU
		{B744CCED-155B-4A87-90E9-A05C084CCB7A}.Release|Any CPU.Build.0 = Release|Any CPU
		{B744CCED-155B-4A87-90E9-A05C084CCB7A}.Release|iPhone.ActiveCfg = Release|Any CPU
		{B744CCED-155B-4A87-90E9-A05C084CCB7A}.Release|iPhone.Build.0 = Release|Any CPU
		{B744CCED-155B-4A87-90E9-A05C084CCB7A}.Release|iPhoneSimulator.ActiveCfg = Release|Any CPU
		{B744CCED-155B-4A87-90E9-A05C084CCB7A}.Release|iPhoneSimulator.Build.0 = Release|Any CPU
		{9FD8EB81-3EFB-4A88-9AB8-9A60AACF81DE}.Ad-Hoc|Any CPU.ActiveCfg = Release|Any CPU
		{9FD8EB81-3EFB-4A88-9AB8-9A60AACF81DE}.Ad-Hoc|Any CPU.Build.0 = Release|Any CPU
		{9FD8EB81-3EFB-4A88-9AB8-9A60AACF81DE}.Ad-Hoc|iPhone.ActiveCfg = Release|Any CPU
		{9FD8EB81-3EFB-4A88-9AB8-9A60AACF81DE}.Ad-Hoc|iPhone.Build.0 = Release|Any CPU
		{9FD8EB81-3EFB-4A88-9AB8-9A60AACF81DE}.Ad-Hoc|iPhoneSimulator.ActiveCfg = Release|Any CPU
		{9FD8EB81-3EFB-4A88-9AB8-9A60AACF81DE}.Ad-Hoc|iPhoneSimulator.Build.0 = Release|Any CPU
		{9FD8EB81-3EFB-4A88-9AB8-9A60AACF81DE}.AppStore|Any CPU.ActiveCfg = Release|Any CPU
		{9FD8EB81-3EFB-4A88-9AB8-9A60AACF81DE}.AppStore|Any CPU.Build.0 = Release|Any CPU
		{9FD8EB81-3EFB-4A88-9AB8-9A60AACF81DE}.AppStore|iPhone.ActiveCfg = Release|Any CPU
		{9FD8EB81-3EFB-4A88-9AB8-9A60AACF81DE}.AppStore|iPhone.Build.0 = Release|Any CPU
		{9FD8EB81-3EFB-4A88-9AB8-9A60AACF81DE}.AppStore|iPhoneSimulator.ActiveCfg = Release|Any CPU
		{9FD8EB81-3EFB-4A88-9AB8-9A60AACF81DE}.AppStore|iPhoneSimulator.Build.0 = Release|Any CPU
		{9FD8EB81-3EFB-4A88-9AB8-9A60AACF81DE}.Debug|Any CPU.ActiveCfg = Debug|Any CPU
		{9FD8EB81-3EFB-4A88-9AB8-9A60AACF81DE}.Debug|Any CPU.Build.0 = Debug|Any CPU
		{9FD8EB81-3EFB-4A88-9AB8-9A60AACF81DE}.Debug|iPhone.ActiveCfg = Debug|Any CPU
		{9FD8EB81-3EFB-4A88-9AB8-9A60AACF81DE}.Debug|iPhone.Build.0 = Debug|Any CPU
		{9FD8EB81-3EFB-4A88-9AB8-9A60AACF81DE}.Debug|iPhoneSimulator.ActiveCfg = Debug|Any CPU
		{9FD8EB81-3EFB-4A88-9AB8-9A60AACF81DE}.Debug|iPhoneSimulator.Build.0 = Debug|Any CPU
		{9FD8EB81-3EFB-4A88-9AB8-9A60AACF81DE}.Release|Any CPU.ActiveCfg = Release|Any CPU
		{9FD8EB81-3EFB-4A88-9AB8-9A60AACF81DE}.Release|Any CPU.Build.0 = Release|Any CPU
		{9FD8EB81-3EFB-4A88-9AB8-9A60AACF81DE}.Release|iPhone.ActiveCfg = Release|Any CPU
		{9FD8EB81-3EFB-4A88-9AB8-9A60AACF81DE}.Release|iPhone.Build.0 = Release|Any CPU
		{9FD8EB81-3EFB-4A88-9AB8-9A60AACF81DE}.Release|iPhoneSimulator.ActiveCfg = Release|Any CPU
		{9FD8EB81-3EFB-4A88-9AB8-9A60AACF81DE}.Release|iPhoneSimulator.Build.0 = Release|Any CPU
		{95F291A1-2AED-40A1-B65B-F98007ADD3EF}.Ad-Hoc|Any CPU.ActiveCfg = Release|Any CPU
		{95F291A1-2AED-40A1-B65B-F98007ADD3EF}.Ad-Hoc|Any CPU.Build.0 = Release|Any CPU
		{95F291A1-2AED-40A1-B65B-F98007ADD3EF}.Ad-Hoc|iPhone.ActiveCfg = Release|Any CPU
		{95F291A1-2AED-40A1-B65B-F98007ADD3EF}.Ad-Hoc|iPhone.Build.0 = Release|Any CPU
		{95F291A1-2AED-40A1-B65B-F98007ADD3EF}.Ad-Hoc|iPhoneSimulator.ActiveCfg = Release|Any CPU
		{95F291A1-2AED-40A1-B65B-F98007ADD3EF}.Ad-Hoc|iPhoneSimulator.Build.0 = Release|Any CPU
		{95F291A1-2AED-40A1-B65B-F98007ADD3EF}.AppStore|Any CPU.ActiveCfg = Release|Any CPU
		{95F291A1-2AED-40A1-B65B-F98007ADD3EF}.AppStore|Any CPU.Build.0 = Release|Any CPU
		{95F291A1-2AED-40A1-B65B-F98007ADD3EF}.AppStore|iPhone.ActiveCfg = Release|Any CPU
		{95F291A1-2AED-40A1-B65B-F98007ADD3EF}.AppStore|iPhone.Build.0 = Release|Any CPU
		{95F291A1-2AED-40A1-B65B-F98007ADD3EF}.AppStore|iPhoneSimulator.ActiveCfg = Release|Any CPU
		{95F291A1-2AED-40A1-B65B-F98007ADD3EF}.AppStore|iPhoneSimulator.Build.0 = Release|Any CPU
		{95F291A1-2AED-40A1-B65B-F98007ADD3EF}.Debug|Any CPU.ActiveCfg = Debug|Any CPU
		{95F291A1-2AED-40A1-B65B-F98007ADD3EF}.Debug|Any CPU.Build.0 = Debug|Any CPU
		{95F291A1-2AED-40A1-B65B-F98007ADD3EF}.Debug|iPhone.ActiveCfg = Debug|Any CPU
		{95F291A1-2AED-40A1-B65B-F98007ADD3EF}.Debug|iPhone.Build.0 = Debug|Any CPU
		{95F291A1-2AED-40A1-B65B-F98007ADD3EF}.Debug|iPhoneSimulator.ActiveCfg = Debug|Any CPU
		{95F291A1-2AED-40A1-B65B-F98007ADD3EF}.Debug|iPhoneSimulator.Build.0 = Debug|Any CPU
		{95F291A1-2AED-40A1-B65B-F98007ADD3EF}.Release|Any CPU.ActiveCfg = Release|Any CPU
		{95F291A1-2AED-40A1-B65B-F98007ADD3EF}.Release|Any CPU.Build.0 = Release|Any CPU
		{95F291A1-2AED-40A1-B65B-F98007ADD3EF}.Release|iPhone.ActiveCfg = Release|Any CPU
		{95F291A1-2AED-40A1-B65B-F98007ADD3EF}.Release|iPhone.Build.0 = Release|Any CPU
		{95F291A1-2AED-40A1-B65B-F98007ADD3EF}.Release|iPhoneSimulator.ActiveCfg = Release|Any CPU
		{95F291A1-2AED-40A1-B65B-F98007ADD3EF}.Release|iPhoneSimulator.Build.0 = Release|Any CPU
		{3CC5C127-2EE1-4AAB-9231-DE8D9F1A36E2}.Ad-Hoc|Any CPU.ActiveCfg = Release|Any CPU
		{3CC5C127-2EE1-4AAB-9231-DE8D9F1A36E2}.Ad-Hoc|Any CPU.Build.0 = Release|Any CPU
		{3CC5C127-2EE1-4AAB-9231-DE8D9F1A36E2}.Ad-Hoc|iPhone.ActiveCfg = Release|Any CPU
		{3CC5C127-2EE1-4AAB-9231-DE8D9F1A36E2}.Ad-Hoc|iPhone.Build.0 = Release|Any CPU
		{3CC5C127-2EE1-4AAB-9231-DE8D9F1A36E2}.Ad-Hoc|iPhoneSimulator.ActiveCfg = Release|Any CPU
		{3CC5C127-2EE1-4AAB-9231-DE8D9F1A36E2}.Ad-Hoc|iPhoneSimulator.Build.0 = Release|Any CPU
		{3CC5C127-2EE1-4AAB-9231-DE8D9F1A36E2}.AppStore|Any CPU.ActiveCfg = Release|Any CPU
		{3CC5C127-2EE1-4AAB-9231-DE8D9F1A36E2}.AppStore|Any CPU.Build.0 = Release|Any CPU
		{3CC5C127-2EE1-4AAB-9231-DE8D9F1A36E2}.AppStore|iPhone.ActiveCfg = Release|Any CPU
		{3CC5C127-2EE1-4AAB-9231-DE8D9F1A36E2}.AppStore|iPhone.Build.0 = Release|Any CPU
		{3CC5C127-2EE1-4AAB-9231-DE8D9F1A36E2}.AppStore|iPhoneSimulator.ActiveCfg = Release|Any CPU
		{3CC5C127-2EE1-4AAB-9231-DE8D9F1A36E2}.AppStore|iPhoneSimulator.Build.0 = Release|Any CPU
		{3CC5C127-2EE1-4AAB-9231-DE8D9F1A36E2}.Debug|Any CPU.ActiveCfg = Debug|Any CPU
		{3CC5C127-2EE1-4AAB-9231-DE8D9F1A36E2}.Debug|Any CPU.Build.0 = Debug|Any CPU
		{3CC5C127-2EE1-4AAB-9231-DE8D9F1A36E2}.Debug|iPhone.ActiveCfg = Debug|Any CPU
		{3CC5C127-2EE1-4AAB-9231-DE8D9F1A36E2}.Debug|iPhone.Build.0 = Debug|Any CPU
		{3CC5C127-2EE1-4AAB-9231-DE8D9F1A36E2}.Debug|iPhoneSimulator.ActiveCfg = Debug|Any CPU
		{3CC5C127-2EE1-4AAB-9231-DE8D9F1A36E2}.Debug|iPhoneSimulator.Build.0 = Debug|Any CPU
		{3CC5C127-2EE1-4AAB-9231-DE8D9F1A36E2}.Release|Any CPU.ActiveCfg = Release|Any CPU
		{3CC5C127-2EE1-4AAB-9231-DE8D9F1A36E2}.Release|Any CPU.Build.0 = Release|Any CPU
		{3CC5C127-2EE1-4AAB-9231-DE8D9F1A36E2}.Release|iPhone.ActiveCfg = Release|Any CPU
		{3CC5C127-2EE1-4AAB-9231-DE8D9F1A36E2}.Release|iPhone.Build.0 = Release|Any CPU
		{3CC5C127-2EE1-4AAB-9231-DE8D9F1A36E2}.Release|iPhoneSimulator.ActiveCfg = Release|Any CPU
		{3CC5C127-2EE1-4AAB-9231-DE8D9F1A36E2}.Release|iPhoneSimulator.Build.0 = Release|Any CPU
		{19029BB3-2D90-4DEF-A2E4-DD0D7D9BFF93}.Ad-Hoc|Any CPU.ActiveCfg = Release|Any CPU
		{19029BB3-2D90-4DEF-A2E4-DD0D7D9BFF93}.Ad-Hoc|Any CPU.Build.0 = Release|Any CPU
		{19029BB3-2D90-4DEF-A2E4-DD0D7D9BFF93}.Ad-Hoc|iPhone.ActiveCfg = Release|Any CPU
		{19029BB3-2D90-4DEF-A2E4-DD0D7D9BFF93}.Ad-Hoc|iPhone.Build.0 = Release|Any CPU
		{19029BB3-2D90-4DEF-A2E4-DD0D7D9BFF93}.Ad-Hoc|iPhoneSimulator.ActiveCfg = Release|Any CPU
		{19029BB3-2D90-4DEF-A2E4-DD0D7D9BFF93}.Ad-Hoc|iPhoneSimulator.Build.0 = Release|Any CPU
		{19029BB3-2D90-4DEF-A2E4-DD0D7D9BFF93}.AppStore|Any CPU.ActiveCfg = Release|Any CPU
		{19029BB3-2D90-4DEF-A2E4-DD0D7D9BFF93}.AppStore|Any CPU.Build.0 = Release|Any CPU
		{19029BB3-2D90-4DEF-A2E4-DD0D7D9BFF93}.AppStore|iPhone.ActiveCfg = Release|Any CPU
		{19029BB3-2D90-4DEF-A2E4-DD0D7D9BFF93}.AppStore|iPhone.Build.0 = Release|Any CPU
		{19029BB3-2D90-4DEF-A2E4-DD0D7D9BFF93}.AppStore|iPhoneSimulator.ActiveCfg = Release|Any CPU
		{19029BB3-2D90-4DEF-A2E4-DD0D7D9BFF93}.AppStore|iPhoneSimulator.Build.0 = Release|Any CPU
		{19029BB3-2D90-4DEF-A2E4-DD0D7D9BFF93}.Debug|Any CPU.ActiveCfg = Debug|Any CPU
		{19029BB3-2D90-4DEF-A2E4-DD0D7D9BFF93}.Debug|Any CPU.Build.0 = Debug|Any CPU
		{19029BB3-2D90-4DEF-A2E4-DD0D7D9BFF93}.Debug|iPhone.ActiveCfg = Debug|Any CPU
		{19029BB3-2D90-4DEF-A2E4-DD0D7D9BFF93}.Debug|iPhone.Build.0 = Debug|Any CPU
		{19029BB3-2D90-4DEF-A2E4-DD0D7D9BFF93}.Debug|iPhoneSimulator.ActiveCfg = Debug|Any CPU
		{19029BB3-2D90-4DEF-A2E4-DD0D7D9BFF93}.Debug|iPhoneSimulator.Build.0 = Debug|Any CPU
		{19029BB3-2D90-4DEF-A2E4-DD0D7D9BFF93}.Release|Any CPU.ActiveCfg = Release|Any CPU
		{19029BB3-2D90-4DEF-A2E4-DD0D7D9BFF93}.Release|Any CPU.Build.0 = Release|Any CPU
		{19029BB3-2D90-4DEF-A2E4-DD0D7D9BFF93}.Release|iPhone.ActiveCfg = Release|Any CPU
		{19029BB3-2D90-4DEF-A2E4-DD0D7D9BFF93}.Release|iPhone.Build.0 = Release|Any CPU
		{19029BB3-2D90-4DEF-A2E4-DD0D7D9BFF93}.Release|iPhoneSimulator.ActiveCfg = Release|Any CPU
		{19029BB3-2D90-4DEF-A2E4-DD0D7D9BFF93}.Release|iPhoneSimulator.Build.0 = Release|Any CPU
		{A8906523-E763-4336-A3A9-C51FF8455C15}.Ad-Hoc|Any CPU.ActiveCfg = Release|Any CPU
		{A8906523-E763-4336-A3A9-C51FF8455C15}.Ad-Hoc|Any CPU.Build.0 = Release|Any CPU
		{A8906523-E763-4336-A3A9-C51FF8455C15}.Ad-Hoc|Any CPU.Deploy.0 = Release|Any CPU
		{A8906523-E763-4336-A3A9-C51FF8455C15}.Ad-Hoc|iPhone.ActiveCfg = Release|Any CPU
		{A8906523-E763-4336-A3A9-C51FF8455C15}.Ad-Hoc|iPhone.Build.0 = Release|Any CPU
		{A8906523-E763-4336-A3A9-C51FF8455C15}.Ad-Hoc|iPhone.Deploy.0 = Release|Any CPU
		{A8906523-E763-4336-A3A9-C51FF8455C15}.Ad-Hoc|iPhoneSimulator.ActiveCfg = Release|Any CPU
		{A8906523-E763-4336-A3A9-C51FF8455C15}.Ad-Hoc|iPhoneSimulator.Build.0 = Release|Any CPU
		{A8906523-E763-4336-A3A9-C51FF8455C15}.Ad-Hoc|iPhoneSimulator.Deploy.0 = Release|Any CPU
		{A8906523-E763-4336-A3A9-C51FF8455C15}.AppStore|Any CPU.ActiveCfg = Release|Any CPU
		{A8906523-E763-4336-A3A9-C51FF8455C15}.AppStore|Any CPU.Build.0 = Release|Any CPU
		{A8906523-E763-4336-A3A9-C51FF8455C15}.AppStore|Any CPU.Deploy.0 = Release|Any CPU
		{A8906523-E763-4336-A3A9-C51FF8455C15}.AppStore|iPhone.ActiveCfg = Release|Any CPU
		{A8906523-E763-4336-A3A9-C51FF8455C15}.AppStore|iPhone.Build.0 = Release|Any CPU
		{A8906523-E763-4336-A3A9-C51FF8455C15}.AppStore|iPhone.Deploy.0 = Release|Any CPU
		{A8906523-E763-4336-A3A9-C51FF8455C15}.AppStore|iPhoneSimulator.ActiveCfg = Release|Any CPU
		{A8906523-E763-4336-A3A9-C51FF8455C15}.AppStore|iPhoneSimulator.Build.0 = Release|Any CPU
		{A8906523-E763-4336-A3A9-C51FF8455C15}.AppStore|iPhoneSimulator.Deploy.0 = Release|Any CPU
		{A8906523-E763-4336-A3A9-C51FF8455C15}.Debug|Any CPU.ActiveCfg = Debug|Any CPU
		{A8906523-E763-4336-A3A9-C51FF8455C15}.Debug|Any CPU.Build.0 = Debug|Any CPU
		{A8906523-E763-4336-A3A9-C51FF8455C15}.Debug|Any CPU.Deploy.0 = Debug|Any CPU
		{A8906523-E763-4336-A3A9-C51FF8455C15}.Debug|iPhone.ActiveCfg = Debug|Any CPU
		{A8906523-E763-4336-A3A9-C51FF8455C15}.Debug|iPhone.Build.0 = Debug|Any CPU
		{A8906523-E763-4336-A3A9-C51FF8455C15}.Debug|iPhone.Deploy.0 = Debug|Any CPU
		{A8906523-E763-4336-A3A9-C51FF8455C15}.Debug|iPhoneSimulator.ActiveCfg = Debug|Any CPU
		{A8906523-E763-4336-A3A9-C51FF8455C15}.Debug|iPhoneSimulator.Build.0 = Debug|Any CPU
		{A8906523-E763-4336-A3A9-C51FF8455C15}.Debug|iPhoneSimulator.Deploy.0 = Debug|Any CPU
		{A8906523-E763-4336-A3A9-C51FF8455C15}.Release|Any CPU.ActiveCfg = Release|Any CPU
		{A8906523-E763-4336-A3A9-C51FF8455C15}.Release|Any CPU.Build.0 = Release|Any CPU
		{A8906523-E763-4336-A3A9-C51FF8455C15}.Release|Any CPU.Deploy.0 = Release|Any CPU
		{A8906523-E763-4336-A3A9-C51FF8455C15}.Release|iPhone.ActiveCfg = Release|Any CPU
		{A8906523-E763-4336-A3A9-C51FF8455C15}.Release|iPhone.Build.0 = Release|Any CPU
		{A8906523-E763-4336-A3A9-C51FF8455C15}.Release|iPhone.Deploy.0 = Release|Any CPU
		{A8906523-E763-4336-A3A9-C51FF8455C15}.Release|iPhoneSimulator.ActiveCfg = Release|Any CPU
		{A8906523-E763-4336-A3A9-C51FF8455C15}.Release|iPhoneSimulator.Build.0 = Release|Any CPU
		{A8906523-E763-4336-A3A9-C51FF8455C15}.Release|iPhoneSimulator.Deploy.0 = Release|Any CPU
		{5EBEC365-C0F5-4B9E-A30E-72AA1E324B19}.Ad-Hoc|Any CPU.ActiveCfg = Release|iPhone
		{5EBEC365-C0F5-4B9E-A30E-72AA1E324B19}.Ad-Hoc|Any CPU.Build.0 = Release|iPhone
		{5EBEC365-C0F5-4B9E-A30E-72AA1E324B19}.Ad-Hoc|iPhone.ActiveCfg = Release|iPhone
		{5EBEC365-C0F5-4B9E-A30E-72AA1E324B19}.Ad-Hoc|iPhone.Build.0 = Release|iPhone
		{5EBEC365-C0F5-4B9E-A30E-72AA1E324B19}.Ad-Hoc|iPhoneSimulator.ActiveCfg = Release|iPhoneSimulator
		{5EBEC365-C0F5-4B9E-A30E-72AA1E324B19}.Ad-Hoc|iPhoneSimulator.Build.0 = Release|iPhoneSimulator
		{5EBEC365-C0F5-4B9E-A30E-72AA1E324B19}.AppStore|Any CPU.ActiveCfg = Release|iPhone
		{5EBEC365-C0F5-4B9E-A30E-72AA1E324B19}.AppStore|Any CPU.Build.0 = Release|iPhone
		{5EBEC365-C0F5-4B9E-A30E-72AA1E324B19}.AppStore|iPhone.ActiveCfg = Release|iPhone
		{5EBEC365-C0F5-4B9E-A30E-72AA1E324B19}.AppStore|iPhone.Build.0 = Release|iPhone
		{5EBEC365-C0F5-4B9E-A30E-72AA1E324B19}.AppStore|iPhoneSimulator.ActiveCfg = Release|iPhoneSimulator
		{5EBEC365-C0F5-4B9E-A30E-72AA1E324B19}.AppStore|iPhoneSimulator.Build.0 = Release|iPhoneSimulator
		{5EBEC365-C0F5-4B9E-A30E-72AA1E324B19}.Debug|Any CPU.ActiveCfg = Debug|iPhone
		{5EBEC365-C0F5-4B9E-A30E-72AA1E324B19}.Debug|iPhone.ActiveCfg = Debug|iPhone
		{5EBEC365-C0F5-4B9E-A30E-72AA1E324B19}.Debug|iPhone.Build.0 = Debug|iPhone
		{5EBEC365-C0F5-4B9E-A30E-72AA1E324B19}.Debug|iPhoneSimulator.ActiveCfg = Debug|iPhoneSimulator
		{5EBEC365-C0F5-4B9E-A30E-72AA1E324B19}.Debug|iPhoneSimulator.Build.0 = Debug|iPhoneSimulator
		{5EBEC365-C0F5-4B9E-A30E-72AA1E324B19}.Release|Any CPU.ActiveCfg = Release|iPhone
		{5EBEC365-C0F5-4B9E-A30E-72AA1E324B19}.Release|iPhone.ActiveCfg = Release|iPhone
		{5EBEC365-C0F5-4B9E-A30E-72AA1E324B19}.Release|iPhone.Build.0 = Release|iPhone
		{5EBEC365-C0F5-4B9E-A30E-72AA1E324B19}.Release|iPhoneSimulator.ActiveCfg = Release|iPhoneSimulator
		{5EBEC365-C0F5-4B9E-A30E-72AA1E324B19}.Release|iPhoneSimulator.Build.0 = Release|iPhoneSimulator
		{661BC7F1-9737-453F-BAE0-61DF1FA82883}.Ad-Hoc|Any CPU.ActiveCfg = Debug|Any CPU
		{661BC7F1-9737-453F-BAE0-61DF1FA82883}.Ad-Hoc|Any CPU.Build.0 = Debug|Any CPU
		{661BC7F1-9737-453F-BAE0-61DF1FA82883}.Ad-Hoc|iPhone.ActiveCfg = Debug|Any CPU
		{661BC7F1-9737-453F-BAE0-61DF1FA82883}.Ad-Hoc|iPhone.Build.0 = Debug|Any CPU
		{661BC7F1-9737-453F-BAE0-61DF1FA82883}.Ad-Hoc|iPhoneSimulator.ActiveCfg = Debug|Any CPU
		{661BC7F1-9737-453F-BAE0-61DF1FA82883}.Ad-Hoc|iPhoneSimulator.Build.0 = Debug|Any CPU
		{661BC7F1-9737-453F-BAE0-61DF1FA82883}.AppStore|Any CPU.ActiveCfg = Debug|Any CPU
		{661BC7F1-9737-453F-BAE0-61DF1FA82883}.AppStore|Any CPU.Build.0 = Debug|Any CPU
		{661BC7F1-9737-453F-BAE0-61DF1FA82883}.AppStore|iPhone.ActiveCfg = Debug|Any CPU
		{661BC7F1-9737-453F-BAE0-61DF1FA82883}.AppStore|iPhone.Build.0 = Debug|Any CPU
		{661BC7F1-9737-453F-BAE0-61DF1FA82883}.AppStore|iPhoneSimulator.ActiveCfg = Debug|Any CPU
		{661BC7F1-9737-453F-BAE0-61DF1FA82883}.AppStore|iPhoneSimulator.Build.0 = Debug|Any CPU
		{661BC7F1-9737-453F-BAE0-61DF1FA82883}.Debug|Any CPU.ActiveCfg = Debug|Any CPU
		{661BC7F1-9737-453F-BAE0-61DF1FA82883}.Debug|Any CPU.Build.0 = Debug|Any CPU
		{661BC7F1-9737-453F-BAE0-61DF1FA82883}.Debug|iPhone.ActiveCfg = Debug|Any CPU
		{661BC7F1-9737-453F-BAE0-61DF1FA82883}.Debug|iPhone.Build.0 = Debug|Any CPU
		{661BC7F1-9737-453F-BAE0-61DF1FA82883}.Debug|iPhoneSimulator.ActiveCfg = Debug|Any CPU
		{661BC7F1-9737-453F-BAE0-61DF1FA82883}.Debug|iPhoneSimulator.Build.0 = Debug|Any CPU
		{661BC7F1-9737-453F-BAE0-61DF1FA82883}.Release|Any CPU.ActiveCfg = Release|Any CPU
		{661BC7F1-9737-453F-BAE0-61DF1FA82883}.Release|Any CPU.Build.0 = Release|Any CPU
		{661BC7F1-9737-453F-BAE0-61DF1FA82883}.Release|iPhone.ActiveCfg = Release|Any CPU
		{661BC7F1-9737-453F-BAE0-61DF1FA82883}.Release|iPhone.Build.0 = Release|Any CPU
		{661BC7F1-9737-453F-BAE0-61DF1FA82883}.Release|iPhoneSimulator.ActiveCfg = Release|Any CPU
		{661BC7F1-9737-453F-BAE0-61DF1FA82883}.Release|iPhoneSimulator.Build.0 = Release|Any CPU
		{F347448B-7D7D-4E6A-A409-832EF918D036}.Ad-Hoc|Any CPU.ActiveCfg = Release|Any CPU
		{F347448B-7D7D-4E6A-A409-832EF918D036}.Ad-Hoc|Any CPU.Build.0 = Release|Any CPU
		{F347448B-7D7D-4E6A-A409-832EF918D036}.Ad-Hoc|Any CPU.Deploy.0 = Release|Any CPU
		{F347448B-7D7D-4E6A-A409-832EF918D036}.Ad-Hoc|iPhone.ActiveCfg = Release|Any CPU
		{F347448B-7D7D-4E6A-A409-832EF918D036}.Ad-Hoc|iPhone.Build.0 = Release|Any CPU
		{F347448B-7D7D-4E6A-A409-832EF918D036}.Ad-Hoc|iPhone.Deploy.0 = Release|Any CPU
		{F347448B-7D7D-4E6A-A409-832EF918D036}.Ad-Hoc|iPhoneSimulator.ActiveCfg = Release|Any CPU
		{F347448B-7D7D-4E6A-A409-832EF918D036}.Ad-Hoc|iPhoneSimulator.Build.0 = Release|Any CPU
		{F347448B-7D7D-4E6A-A409-832EF918D036}.Ad-Hoc|iPhoneSimulator.Deploy.0 = Release|Any CPU
		{F347448B-7D7D-4E6A-A409-832EF918D036}.AppStore|Any CPU.ActiveCfg = Release|Any CPU
		{F347448B-7D7D-4E6A-A409-832EF918D036}.AppStore|Any CPU.Build.0 = Release|Any CPU
		{F347448B-7D7D-4E6A-A409-832EF918D036}.AppStore|Any CPU.Deploy.0 = Release|Any CPU
		{F347448B-7D7D-4E6A-A409-832EF918D036}.AppStore|iPhone.ActiveCfg = Release|Any CPU
		{F347448B-7D7D-4E6A-A409-832EF918D036}.AppStore|iPhone.Build.0 = Release|Any CPU
		{F347448B-7D7D-4E6A-A409-832EF918D036}.AppStore|iPhone.Deploy.0 = Release|Any CPU
		{F347448B-7D7D-4E6A-A409-832EF918D036}.AppStore|iPhoneSimulator.ActiveCfg = Release|Any CPU
		{F347448B-7D7D-4E6A-A409-832EF918D036}.AppStore|iPhoneSimulator.Build.0 = Release|Any CPU
		{F347448B-7D7D-4E6A-A409-832EF918D036}.AppStore|iPhoneSimulator.Deploy.0 = Release|Any CPU
		{F347448B-7D7D-4E6A-A409-832EF918D036}.Debug|Any CPU.ActiveCfg = Debug|Any CPU
		{F347448B-7D7D-4E6A-A409-832EF918D036}.Debug|Any CPU.Build.0 = Debug|Any CPU
		{F347448B-7D7D-4E6A-A409-832EF918D036}.Debug|Any CPU.Deploy.0 = Debug|Any CPU
		{F347448B-7D7D-4E6A-A409-832EF918D036}.Debug|iPhone.ActiveCfg = Debug|Any CPU
		{F347448B-7D7D-4E6A-A409-832EF918D036}.Debug|iPhone.Build.0 = Debug|Any CPU
		{F347448B-7D7D-4E6A-A409-832EF918D036}.Debug|iPhone.Deploy.0 = Debug|Any CPU
		{F347448B-7D7D-4E6A-A409-832EF918D036}.Debug|iPhoneSimulator.ActiveCfg = Debug|Any CPU
		{F347448B-7D7D-4E6A-A409-832EF918D036}.Debug|iPhoneSimulator.Build.0 = Debug|Any CPU
		{F347448B-7D7D-4E6A-A409-832EF918D036}.Debug|iPhoneSimulator.Deploy.0 = Debug|Any CPU
		{F347448B-7D7D-4E6A-A409-832EF918D036}.Release|Any CPU.ActiveCfg = Release|Any CPU
		{F347448B-7D7D-4E6A-A409-832EF918D036}.Release|Any CPU.Build.0 = Release|Any CPU
		{F347448B-7D7D-4E6A-A409-832EF918D036}.Release|Any CPU.Deploy.0 = Release|Any CPU
		{F347448B-7D7D-4E6A-A409-832EF918D036}.Release|iPhone.ActiveCfg = Release|Any CPU
		{F347448B-7D7D-4E6A-A409-832EF918D036}.Release|iPhone.Build.0 = Release|Any CPU
		{F347448B-7D7D-4E6A-A409-832EF918D036}.Release|iPhone.Deploy.0 = Release|Any CPU
		{F347448B-7D7D-4E6A-A409-832EF918D036}.Release|iPhoneSimulator.ActiveCfg = Release|Any CPU
		{F347448B-7D7D-4E6A-A409-832EF918D036}.Release|iPhoneSimulator.Build.0 = Release|Any CPU
		{F347448B-7D7D-4E6A-A409-832EF918D036}.Release|iPhoneSimulator.Deploy.0 = Release|Any CPU
		{CD0AAEEF-448E-4D9B-84EB-489113928E9B}.Ad-Hoc|Any CPU.ActiveCfg = Ad-Hoc|iPhone
		{CD0AAEEF-448E-4D9B-84EB-489113928E9B}.Ad-Hoc|iPhone.ActiveCfg = Ad-Hoc|iPhone
		{CD0AAEEF-448E-4D9B-84EB-489113928E9B}.Ad-Hoc|iPhone.Build.0 = Ad-Hoc|iPhone
		{CD0AAEEF-448E-4D9B-84EB-489113928E9B}.Ad-Hoc|iPhoneSimulator.ActiveCfg = Ad-Hoc|iPhoneSimulator
		{CD0AAEEF-448E-4D9B-84EB-489113928E9B}.Ad-Hoc|iPhoneSimulator.Build.0 = Ad-Hoc|iPhoneSimulator
		{CD0AAEEF-448E-4D9B-84EB-489113928E9B}.AppStore|Any CPU.ActiveCfg = AppStore|iPhone
		{CD0AAEEF-448E-4D9B-84EB-489113928E9B}.AppStore|iPhone.ActiveCfg = AppStore|iPhone
		{CD0AAEEF-448E-4D9B-84EB-489113928E9B}.AppStore|iPhone.Build.0 = AppStore|iPhone
		{CD0AAEEF-448E-4D9B-84EB-489113928E9B}.AppStore|iPhoneSimulator.ActiveCfg = AppStore|iPhoneSimulator
		{CD0AAEEF-448E-4D9B-84EB-489113928E9B}.AppStore|iPhoneSimulator.Build.0 = AppStore|iPhoneSimulator
		{CD0AAEEF-448E-4D9B-84EB-489113928E9B}.Debug|Any CPU.ActiveCfg = Debug|iPhone
		{CD0AAEEF-448E-4D9B-84EB-489113928E9B}.Debug|iPhone.ActiveCfg = Debug|iPhone
		{CD0AAEEF-448E-4D9B-84EB-489113928E9B}.Debug|iPhone.Build.0 = Debug|iPhone
		{CD0AAEEF-448E-4D9B-84EB-489113928E9B}.Debug|iPhoneSimulator.ActiveCfg = Debug|iPhoneSimulator
		{CD0AAEEF-448E-4D9B-84EB-489113928E9B}.Debug|iPhoneSimulator.Build.0 = Debug|iPhoneSimulator
		{CD0AAEEF-448E-4D9B-84EB-489113928E9B}.Release|Any CPU.ActiveCfg = Release|iPhone
		{CD0AAEEF-448E-4D9B-84EB-489113928E9B}.Release|iPhone.ActiveCfg = Release|iPhone
		{CD0AAEEF-448E-4D9B-84EB-489113928E9B}.Release|iPhone.Build.0 = Release|iPhone
		{CD0AAEEF-448E-4D9B-84EB-489113928E9B}.Release|iPhoneSimulator.ActiveCfg = Release|iPhoneSimulator
		{CD0AAEEF-448E-4D9B-84EB-489113928E9B}.Release|iPhoneSimulator.Build.0 = Release|iPhoneSimulator
	EndGlobalSection
	GlobalSection(SolutionProperties) = preSolution
		HideSolutionNode = FALSE
	EndGlobalSection
	GlobalSection(NestedProjects) = preSolution
		{0D876443-D808-4493-AE0F-AB2CF097EAFD} = {B109AC47-12B9-4E1E-9E82-027023B9D1A4}
		{DA8B6EC6-1545-43CB-ADA9-E04968388B02} = {B109AC47-12B9-4E1E-9E82-027023B9D1A4}
		{21DE3CEF-96BD-42F2-A73F-C310C52A1F22} = {B109AC47-12B9-4E1E-9E82-027023B9D1A4}
		{B76BD5D7-775E-4933-B639-14FC0D1F7F6A} = {B109AC47-12B9-4E1E-9E82-027023B9D1A4}
		{A494D106-0359-468C-B171-6F8AAECE3375} = {B109AC47-12B9-4E1E-9E82-027023B9D1A4}
		{469663CC-BE64-405F-A610-C274F86BFC85} = {21DE3CEF-96BD-42F2-A73F-C310C52A1F22}
		{0A5DC31D-BDB0-478F-B41C-359B2C882551} = {21DE3CEF-96BD-42F2-A73F-C310C52A1F22}
		{82FF7311-C7AB-44CC-A7B2-AD224E2A1233} = {B76BD5D7-775E-4933-B639-14FC0D1F7F6A}
		{B744CCED-155B-4A87-90E9-A05C084CCB7A} = {A494D106-0359-468C-B171-6F8AAECE3375}
		{9FD8EB81-3EFB-4A88-9AB8-9A60AACF81DE} = {DA8B6EC6-1545-43CB-ADA9-E04968388B02}
		{95F291A1-2AED-40A1-B65B-F98007ADD3EF} = {0D876443-D808-4493-AE0F-AB2CF097EAFD}
		{3CC5C127-2EE1-4AAB-9231-DE8D9F1A36E2} = {DA8B6EC6-1545-43CB-ADA9-E04968388B02}
		{19029BB3-2D90-4DEF-A2E4-DD0D7D9BFF93} = {0D876443-D808-4493-AE0F-AB2CF097EAFD}
		{A8906523-E763-4336-A3A9-C51FF8455C15} = {0D876443-D808-4493-AE0F-AB2CF097EAFD}
		{5EBEC365-C0F5-4B9E-A30E-72AA1E324B19} = {0D876443-D808-4493-AE0F-AB2CF097EAFD}
		{661BC7F1-9737-453F-BAE0-61DF1FA82883} = {0D876443-D808-4493-AE0F-AB2CF097EAFD}
		{F347448B-7D7D-4E6A-A409-832EF918D036} = {0D876443-D808-4493-AE0F-AB2CF097EAFD}
		{CD0AAEEF-448E-4D9B-84EB-489113928E9B} = {0D876443-D808-4493-AE0F-AB2CF097EAFD}
	EndGlobalSection
	GlobalSection(ExtensibilityGlobals) = postSolution
		SolutionGuid = {B06AF481-BD33-47D5-A87F-D2BEDF0C43AB}
	EndGlobalSection
EndGlobal
